
Microsoft Visual Studio Solution File, Format Version 12.00
# Visual Studio Version 17
VisualStudioVersion = 17.0.31912.275
MinimumVisualStudioVersion = 10.0.40219.1
Project("{9A19103F-16F7-4668-BE54-9A1E7A4F7556}") = "MockDoor.Server", "MockDoor\Server\MockDoor.Server.csproj", "{5A4E2468-D5C9-4D2A-B57C-E854C14EA8CC}"
EndProject
Project("{9A19103F-16F7-4668-BE54-9A1E7A4F7556}") = "MockDoor.Client", "MockDoor\Client\MockDoor.Client.csproj", "{A73C7E39-4F11-487F-8EC7-17DD25225D8D}"
EndProject
Project("{9A19103F-16F7-4668-BE54-9A1E7A4F7556}") = "MockDoor.Shared", "MockDoor\Shared\MockDoor.Shared.csproj", "{0127B6FC-0245-4204-96B5-984BD84ADA41}"
EndProject
Project("{9A19103F-16F7-4668-BE54-9A1E7A4F7556}") = "MockDoor.Data", "MockDoor\Data\MockDoor.Data.csproj", "{97431AC4-1BFF-4329-B513-EC9A2DA76750}"
EndProject
Project("{2150E333-8FDC-42A3-9474-1A3956D46DE8}") = "Tests", "Tests", "{B769D86D-C7C5-469B-8004-A66828BBA1C3}"
EndProject
Project("{9A19103F-16F7-4668-BE54-9A1E7A4F7556}") = "MockDoor.Server.Tests", "MockDoor\Tests\MockDoor.Server.Tests\MockDoor.Server.Tests.csproj", "{C33B93D0-2DA2-41EE-9885-67D74C01BBEB}"
EndProject
Project("{9A19103F-16F7-4668-BE54-9A1E7A4F7556}") = "MockDoor.Data.Tests", "MockDoor\Tests\MockDoor.Data.Tests\MockDoor.Data.Tests.csproj", "{EB408E29-4A81-448E-A410-B8DCDBA48546}"
EndProject
Project("{9A19103F-16F7-4668-BE54-9A1E7A4F7556}") = "MockDoor.Abstractions", "MockDoor\Abstractions\MockDoor.Abstractions.csproj", "{C5401230-457D-49F0-8CAD-336DBF71D264}"
EndProject
Project("{9A19103F-16F7-4668-BE54-9A1E7A4F7556}") = "MockDoor.Client.Tests", "MockDoor\Tests\MockDoor.Client.Tests\MockDoor.Client.Tests.csproj", "{0486A42D-C71F-43ED-9922-2495DAD0257D}"
EndProject
Project("{9A19103F-16F7-4668-BE54-9A1E7A4F7556}") = "MockDoor.Api", "MockDoor\Api\MockDoor.Api.csproj", "{9D7685C8-6CC5-4764-9008-99F10ED68934}"
EndProject
Project("{9A19103F-16F7-4668-BE54-9A1E7A4F7556}") = "MockDoor.Services", "MockDoor\Services\MockDoor.Services.csproj", "{319A1FA9-C835-45D0-93A6-6910062798F0}"
EndProject
Project("{2150E333-8FDC-42A3-9474-1A3956D46DE8}") = "Host", "Host", "{F29085DC-E9C3-4C6B-B955-7E579FEA9C75}"
EndProject
Project("{2150E333-8FDC-42A3-9474-1A3956D46DE8}") = "Libraries", "Libraries", "{25CBE3CD-5389-48D9-BB43-4AD711F1AFBB}"
EndProject
Project("{2150E333-8FDC-42A3-9474-1A3956D46DE8}") = "Shared", "Shared", "{AA9DB0C8-262E-4906-A18B-810B632F8054}"
EndProject
Project("{9A19103F-16F7-4668-BE54-9A1E7A4F7556}") = "Mockdoor.Data.Sqlite", "MockDoor\Data.Sqlite\Mockdoor.Data.Sqlite.csproj", "{5C451EC3-9308-4A60-9652-4184BC74983A}"
EndProject
Project("{9A19103F-16F7-4668-BE54-9A1E7A4F7556}") = "Mockdoor.Data.SqlServer", "MockDoor\Data.SqlServer\Mockdoor.Data.SqlServer.csproj", "{A6E16DC4-F362-458E-AAB8-134FCCC0419F}"
EndProject
Global
	GlobalSection(SolutionConfigurationPlatforms) = preSolution
		Debug|Any CPU = Debug|Any CPU
		Release|Any CPU = Release|Any CPU
	EndGlobalSection
	GlobalSection(ProjectConfigurationPlatforms) = postSolution
		{5A4E2468-D5C9-4D2A-B57C-E854C14EA8CC}.Debug|Any CPU.ActiveCfg = Debug|Any CPU
		{5A4E2468-D5C9-4D2A-B57C-E854C14EA8CC}.Debug|Any CPU.Build.0 = Debug|Any CPU
		{5A4E2468-D5C9-4D2A-B57C-E854C14EA8CC}.Release|Any CPU.ActiveCfg = Release|Any CPU
		{5A4E2468-D5C9-4D2A-B57C-E854C14EA8CC}.Release|Any CPU.Build.0 = Release|Any CPU
		{A73C7E39-4F11-487F-8EC7-17DD25225D8D}.Debug|Any CPU.ActiveCfg = Debug|Any CPU
		{A73C7E39-4F11-487F-8EC7-17DD25225D8D}.Debug|Any CPU.Build.0 = Debug|Any CPU
		{A73C7E39-4F11-487F-8EC7-17DD25225D8D}.Release|Any CPU.ActiveCfg = Release|Any CPU
		{A73C7E39-4F11-487F-8EC7-17DD25225D8D}.Release|Any CPU.Build.0 = Release|Any CPU
		{0127B6FC-0245-4204-96B5-984BD84ADA41}.Debug|Any CPU.ActiveCfg = Debug|Any CPU
		{0127B6FC-0245-4204-96B5-984BD84ADA41}.Debug|Any CPU.Build.0 = Debug|Any CPU
		{0127B6FC-0245-4204-96B5-984BD84ADA41}.Release|Any CPU.ActiveCfg = Release|Any CPU
		{0127B6FC-0245-4204-96B5-984BD84ADA41}.Release|Any CPU.Build.0 = Release|Any CPU
		{97431AC4-1BFF-4329-B513-EC9A2DA76750}.Debug|Any CPU.ActiveCfg = Debug|Any CPU
		{97431AC4-1BFF-4329-B513-EC9A2DA76750}.Debug|Any CPU.Build.0 = Debug|Any CPU
		{97431AC4-1BFF-4329-B513-EC9A2DA76750}.Release|Any CPU.ActiveCfg = Release|Any CPU
		{97431AC4-1BFF-4329-B513-EC9A2DA76750}.Release|Any CPU.Build.0 = Release|Any CPU
		{C33B93D0-2DA2-41EE-9885-67D74C01BBEB}.Debug|Any CPU.ActiveCfg = Debug|Any CPU
		{C33B93D0-2DA2-41EE-9885-67D74C01BBEB}.Debug|Any CPU.Build.0 = Debug|Any CPU
		{C33B93D0-2DA2-41EE-9885-67D74C01BBEB}.Release|Any CPU.ActiveCfg = Release|Any CPU
		{C33B93D0-2DA2-41EE-9885-67D74C01BBEB}.Release|Any CPU.Build.0 = Release|Any CPU
		{EB408E29-4A81-448E-A410-B8DCDBA48546}.Debug|Any CPU.ActiveCfg = Debug|Any CPU
		{EB408E29-4A81-448E-A410-B8DCDBA48546}.Debug|Any CPU.Build.0 = Debug|Any CPU
		{EB408E29-4A81-448E-A410-B8DCDBA48546}.Release|Any CPU.ActiveCfg = Release|Any CPU
		{EB408E29-4A81-448E-A410-B8DCDBA48546}.Release|Any CPU.Build.0 = Release|Any CPU
		{C5401230-457D-49F0-8CAD-336DBF71D264}.Debug|Any CPU.ActiveCfg = Debug|Any CPU
		{C5401230-457D-49F0-8CAD-336DBF71D264}.Debug|Any CPU.Build.0 = Debug|Any CPU
		{C5401230-457D-49F0-8CAD-336DBF71D264}.Release|Any CPU.ActiveCfg = Release|Any CPU
		{C5401230-457D-49F0-8CAD-336DBF71D264}.Release|Any CPU.Build.0 = Release|Any CPU
		{0486A42D-C71F-43ED-9922-2495DAD0257D}.Debug|Any CPU.ActiveCfg = Debug|Any CPU
		{0486A42D-C71F-43ED-9922-2495DAD0257D}.Debug|Any CPU.Build.0 = Debug|Any CPU
		{0486A42D-C71F-43ED-9922-2495DAD0257D}.Release|Any CPU.ActiveCfg = Release|Any CPU
		{0486A42D-C71F-43ED-9922-2495DAD0257D}.Release|Any CPU.Build.0 = Release|Any CPU
		{9D7685C8-6CC5-4764-9008-99F10ED68934}.Debug|Any CPU.ActiveCfg = Debug|Any CPU
		{9D7685C8-6CC5-4764-9008-99F10ED68934}.Debug|Any CPU.Build.0 = Debug|Any CPU
		{9D7685C8-6CC5-4764-9008-99F10ED68934}.Release|Any CPU.ActiveCfg = Release|Any CPU
		{9D7685C8-6CC5-4764-9008-99F10ED68934}.Release|Any CPU.Build.0 = Release|Any CPU
		{319A1FA9-C835-45D0-93A6-6910062798F0}.Debug|Any CPU.ActiveCfg = Debug|Any CPU
		{319A1FA9-C835-45D0-93A6-6910062798F0}.Debug|Any CPU.Build.0 = Debug|Any CPU
		{319A1FA9-C835-45D0-93A6-6910062798F0}.Release|Any CPU.ActiveCfg = Release|Any CPU
		{319A1FA9-C835-45D0-93A6-6910062798F0}.Release|Any CPU.Build.0 = Release|Any CPU
		{5C451EC3-9308-4A60-9652-4184BC74983A}.Debug|Any CPU.ActiveCfg = Debug|Any CPU
		{5C451EC3-9308-4A60-9652-4184BC74983A}.Debug|Any CPU.Build.0 = Debug|Any CPU
		{5C451EC3-9308-4A60-9652-4184BC74983A}.Release|Any CPU.ActiveCfg = Release|Any CPU
		{5C451EC3-9308-4A60-9652-4184BC74983A}.Release|Any CPU.Build.0 = Release|Any CPU
		{A6E16DC4-F362-458E-AAB8-134FCCC0419F}.Debug|Any CPU.ActiveCfg = Debug|Any CPU
		{A6E16DC4-F362-458E-AAB8-134FCCC0419F}.Debug|Any CPU.Build.0 = Debug|Any CPU
		{A6E16DC4-F362-458E-AAB8-134FCCC0419F}.Release|Any CPU.ActiveCfg = Release|Any CPU
		{A6E16DC4-F362-458E-AAB8-134FCCC0419F}.Release|Any CPU.Build.0 = Release|Any CPU
	EndGlobalSection
	GlobalSection(SolutionProperties) = preSolution
		HideSolutionNode = FALSE
	EndGlobalSection
	GlobalSection(NestedProjects) = preSolution
		{5A4E2468-D5C9-4D2A-B57C-E854C14EA8CC} = {F29085DC-E9C3-4C6B-B955-7E579FEA9C75}
		{A73C7E39-4F11-487F-8EC7-17DD25225D8D} = {F29085DC-E9C3-4C6B-B955-7E579FEA9C75}
		{0127B6FC-0245-4204-96B5-984BD84ADA41} = {AA9DB0C8-262E-4906-A18B-810B632F8054}
		{97431AC4-1BFF-4329-B513-EC9A2DA76750} = {25CBE3CD-5389-48D9-BB43-4AD711F1AFBB}
		{C33B93D0-2DA2-41EE-9885-67D74C01BBEB} = {B769D86D-C7C5-469B-8004-A66828BBA1C3}
		{EB408E29-4A81-448E-A410-B8DCDBA48546} = {B769D86D-C7C5-469B-8004-A66828BBA1C3}
		{C5401230-457D-49F0-8CAD-336DBF71D264} = {AA9DB0C8-262E-4906-A18B-810B632F8054}
		{0486A42D-C71F-43ED-9922-2495DAD0257D} = {B769D86D-C7C5-469B-8004-A66828BBA1C3}
		{9D7685C8-6CC5-4764-9008-99F10ED68934} = {25CBE3CD-5389-48D9-BB43-4AD711F1AFBB}
		{319A1FA9-C835-45D0-93A6-6910062798F0} = {25CBE3CD-5389-48D9-BB43-4AD711F1AFBB}
		{5C451EC3-9308-4A60-9652-4184BC74983A} = {25CBE3CD-5389-48D9-BB43-4AD711F1AFBB}
		{A6E16DC4-F362-458E-AAB8-134FCCC0419F} = {25CBE3CD-5389-48D9-BB43-4AD711F1AFBB}
	EndGlobalSection
	GlobalSection(ExtensibilityGlobals) = postSolution
		SolutionGuid = {88BF3E49-6E8E-4CE5-BA78-AC7A4D1256A6}
	EndGlobalSection
EndGlobal
